
Microsoft Visual Studio Solution File, Format Version 11.00
# Visual Studio 2010
Project("{FAE04EC0-301F-11D3-BF4B-00C04F79EFBC}") = "BrightstarDB.Gedcom", "BrightstarDB.Gedcom\BrightstarDB.Gedcom.csproj", "{601F43A0-05D1-4741-AF75-7C9ADC3A0464}"
EndProject
Project("{FAE04EC0-301F-11D3-BF4B-00C04F79EFBC}") = "BrightstarDB.Gedcom.Tests", "BrightstarDB.Gedcom.Tests\BrightstarDB.Gedcom.Tests.csproj", "{7928EE45-B1C4-4403-AC3A-918B323EC456}"
EndProject
Project("{2150E333-8FDC-42A3-9474-1A3956D46DE8}") = "Solution Items", "Solution Items", "{0B579CC1-5358-4822-BDFD-D00531E31D40}"
	ProjectSection(SolutionItems) = preProject
		BrightstarDB.Gedcom.vsmdi = BrightstarDB.Gedcom.vsmdi
		Local.testsettings = Local.testsettings
		TraceAndTestImpact.testsettings = TraceAndTestImpact.testsettings
	EndProjectSection
EndProject
Global
	GlobalSection(TestCaseManagementSettings) = postSolution
		CategoryFile = BrightstarDB.Gedcom.vsmdi
	EndGlobalSection
	GlobalSection(SolutionConfigurationPlatforms) = preSolution
		Debug|Any CPU = Debug|Any CPU
		Release|Any CPU = Release|Any CPU
	EndGlobalSection
	GlobalSection(ProjectConfigurationPlatforms) = postSolution
		{601F43A0-05D1-4741-AF75-7C9ADC3A0464}.Debug|Any CPU.ActiveCfg = Debug|Any CPU
		{601F43A0-05D1-4741-AF75-7C9ADC3A0464}.Debug|Any CPU.Build.0 = Debug|Any CPU
		{601F43A0-05D1-4741-AF75-7C9ADC3A0464}.Release|Any CPU.ActiveCfg = Release|Any CPU
		{601F43A0-05D1-4741-AF75-7C9ADC3A0464}.Release|Any CPU.Build.0 = Release|Any CPU
		{7928EE45-B1C4-4403-AC3A-918B323EC456}.Debug|Any CPU.ActiveCfg = Debug|Any CPU
		{7928EE45-B1C4-4403-AC3A-918B323EC456}.Debug|Any CPU.Build.0 = Debug|Any CPU
		{7928EE45-B1C4-4403-AC3A-918B323EC456}.Release|Any CPU.ActiveCfg = Release|Any CPU
		{7928EE45-B1C4-4403-AC3A-918B323EC456}.Release|Any CPU.Build.0 = Release|Any CPU
	EndGlobalSection
	GlobalSection(SolutionProperties) = preSolution
		HideSolutionNode = FALSE
	EndGlobalSection
EndGlobal
